
Microsoft Visual Studio Solution File, Format Version 12.00
# Visual Studio Version 17
VisualStudioVersion = 17.14.35906.104 d17.14
MinimumVisualStudioVersion = 10.0.40219.1
Project("{8BC9CEB8-8B4A-11D0-8D11-00A0C91BC942}") = "project ai 201", "project ai 201.vcxproj", "{2DCAE5AA-67B6-4FEC-B6F3-277F33F07466}"
EndProject
Global
	GlobalSection(SolutionConfigurationPlatforms) = preSolution
		Debug|x64 = Debug|x64
		Debug|x86 = Debug|x86
		Release|x64 = Release|x64
		Release|x86 = Release|x86
	EndGlobalSection
	GlobalSection(ProjectConfigurationPlatforms) = postSolution
		{2DCAE5AA-67B6-4FEC-B6F3-277F33F07466}.Debug|x64.ActiveCfg = Debug|x64
		{2DCAE5AA-67B6-4FEC-B6F3-277F33F07466}.Debug|x64.Build.0 = Debug|x64
		{2DCAE5AA-67B6-4FEC-B6F3-277F33F07466}.Debug|x86.ActiveCfg = Debug|Win32
		{2DCAE5AA-67B6-4FEC-B6F3-277F33F07466}.Debug|x86.Build.0 = Debug|Win32
		{2DCAE5AA-67B6-4FEC-B6F3-277F33F07466}.Release|x64.ActiveCfg = Release|x64
		{2DCAE5AA-67B6-4FEC-B6F3-277F33F07466}.Release|x64.Build.0 = Release|x64
		{2DCAE5AA-67B6-4FEC-B6F3-277F33F07466}.Release|x86.ActiveCfg = Release|Win32
		{2DCAE5AA-67B6-4FEC-B6F3-277F33F07466}.Release|x86.Build.0 = Release|Win32
	EndGlobalSection
	GlobalSection(SolutionProperties) = preSolution
		HideSolutionNode = FALSE
	EndGlobalSection
	GlobalSection(ExtensibilityGlobals) = postSolution
		SolutionGuid = {E65D61FE-ED39-4398-88D2-AB4BA2178A79}
	EndGlobalSection
EndGlobal
